
Microsoft Visual Studio Solution File, Format Version 12.00
# Visual Studio Version 17
VisualStudioVersion = 17.14.36915.13 d17.14
MinimumVisualStudioVersion = 10.0.40219.1
Project("{FAE04EC0-301F-11D3-BF4B-00C04F79EFBC}") = "GeoBlocker", "GeoBlocker\GeoBlocker.csproj", "{27A0716D-0DD7-4871-8AC8-2E42E40DD651}"
EndProject
Project("{FAE04EC0-301F-11D3-BF4B-00C04F79EFBC}") = "Controllers", "Controllers\Controllers.csproj", "{3C4F33B3-A94B-49D8-B2E3-98AF69D161C5}"
EndProject
Project("{FAE04EC0-301F-11D3-BF4B-00C04F79EFBC}") = "Models", "Models\Models.csproj", "{E5A22B75-8012-49EF-B287-60E5116B3D66}"
EndProject
Project("{FAE04EC0-301F-11D3-BF4B-00C04F79EFBC}") = "Services", "Services\Services.csproj", "{81DDB2BA-59C7-458D-9FBA-A1A9FC103A42}"
EndProject
Project("{FAE04EC0-301F-11D3-BF4B-00C04F79EFBC}") = "BackgroundServices", "BackgroundServices\BackgroundServices.csproj", "{9FD8BE1B-0C58-4BE5-81C7-5F584FDDECEF}"
EndProject
Project("{FAE04EC0-301F-11D3-BF4B-00C04F79EFBC}") = "Repositories", "Repositories\Repositories.csproj", "{5DF022C7-8B8C-4449-A06A-AE9BD7BCF271}"
EndProject
Global
	GlobalSection(SolutionConfigurationPlatforms) = preSolution
		Debug|Any CPU = Debug|Any CPU
		Release|Any CPU = Release|Any CPU
	EndGlobalSection
	GlobalSection(ProjectConfigurationPlatforms) = postSolution
		{27A0716D-0DD7-4871-8AC8-2E42E40DD651}.Debug|Any CPU.ActiveCfg = Debug|Any CPU
		{27A0716D-0DD7-4871-8AC8-2E42E40DD651}.Debug|Any CPU.Build.0 = Debug|Any CPU
		{27A0716D-0DD7-4871-8AC8-2E42E40DD651}.Release|Any CPU.ActiveCfg = Release|Any CPU
		{27A0716D-0DD7-4871-8AC8-2E42E40DD651}.Release|Any CPU.Build.0 = Release|Any CPU
		{3C4F33B3-A94B-49D8-B2E3-98AF69D161C5}.Debug|Any CPU.ActiveCfg = Debug|Any CPU
		{3C4F33B3-A94B-49D8-B2E3-98AF69D161C5}.Debug|Any CPU.Build.0 = Debug|Any CPU
		{3C4F33B3-A94B-49D8-B2E3-98AF69D161C5}.Release|Any CPU.ActiveCfg = Release|Any CPU
		{3C4F33B3-A94B-49D8-B2E3-98AF69D161C5}.Release|Any CPU.Build.0 = Release|Any CPU
		{E5A22B75-8012-49EF-B287-60E5116B3D66}.Debug|Any CPU.ActiveCfg = Debug|Any CPU
		{E5A22B75-8012-49EF-B287-60E5116B3D66}.Debug|Any CPU.Build.0 = Debug|Any CPU
		{E5A22B75-8012-49EF-B287-60E5116B3D66}.Release|Any CPU.ActiveCfg = Release|Any CPU
		{E5A22B75-8012-49EF-B287-60E5116B3D66}.Release|Any CPU.Build.0 = Release|Any CPU
		{81DDB2BA-59C7-458D-9FBA-A1A9FC103A42}.Debug|Any CPU.ActiveCfg = Debug|Any CPU
		{81DDB2BA-59C7-458D-9FBA-A1A9FC103A42}.Debug|Any CPU.Build.0 = Debug|Any CPU
		{81DDB2BA-59C7-458D-9FBA-A1A9FC103A42}.Release|Any CPU.ActiveCfg = Release|Any CPU
		{81DDB2BA-59C7-458D-9FBA-A1A9FC103A42}.Release|Any CPU.Build.0 = Release|Any CPU
		{9FD8BE1B-0C58-4BE5-81C7-5F584FDDECEF}.Debug|Any CPU.ActiveCfg = Debug|Any CPU
		{9FD8BE1B-0C58-4BE5-81C7-5F584FDDECEF}.Debug|Any CPU.Build.0 = Debug|Any CPU
		{9FD8BE1B-0C58-4BE5-81C7-5F584FDDECEF}.Release|Any CPU.ActiveCfg = Release|Any CPU
		{9FD8BE1B-0C58-4BE5-81C7-5F584FDDECEF}.Release|Any CPU.Build.0 = Release|Any CPU
		{5DF022C7-8B8C-4449-A06A-AE9BD7BCF271}.Debug|Any CPU.ActiveCfg = Debug|Any CPU
		{5DF022C7-8B8C-4449-A06A-AE9BD7BCF271}.Debug|Any CPU.Build.0 = Debug|Any CPU
		{5DF022C7-8B8C-4449-A06A-AE9BD7BCF271}.Release|Any CPU.ActiveCfg = Release|Any CPU
		{5DF022C7-8B8C-4449-A06A-AE9BD7BCF271}.Release|Any CPU.Build.0 = Release|Any CPU
	EndGlobalSection
	GlobalSection(SolutionProperties) = preSolution
		HideSolutionNode = FALSE
	EndGlobalSection
	GlobalSection(ExtensibilityGlobals) = postSolution
		SolutionGuid = {E4521DF1-FA36-459A-B2CC-9830EAFDE816}
	EndGlobalSection
EndGlobal
